
Microsoft Visual Studio Solution File, Format Version 12.00
# Visual Studio Version 17
VisualStudioVersion = 17.5.33502.453
MinimumVisualStudioVersion = 10.0.40219.1
Project("{FAE04EC0-301F-11D3-BF4B-00C04F79EFBC}") = "LAB1_Calculator1", "LAB1_Calculator1\LAB1_Calculator1.csproj", "{19A59FA8-EF13-43EE-BC8C-435891F56DF1}"
EndProject
Global
	GlobalSection(SolutionConfigurationPlatforms) = preSolution
		Debug|Any CPU = Debug|Any CPU
		Release|Any CPU = Release|Any CPU
	EndGlobalSection
	GlobalSection(ProjectConfigurationPlatforms) = postSolution
		{19A59FA8-EF13-43EE-BC8C-435891F56DF1}.Debug|Any CPU.ActiveCfg = Debug|Any CPU
		{19A59FA8-EF13-43EE-BC8C-435891F56DF1}.Debug|Any CPU.Build.0 = Debug|Any CPU
		{19A59FA8-EF13-43EE-BC8C-435891F56DF1}.Release|Any CPU.ActiveCfg = Release|Any CPU
		{19A59FA8-EF13-43EE-BC8C-435891F56DF1}.Release|Any CPU.Build.0 = Release|Any CPU
	EndGlobalSection
	GlobalSection(SolutionProperties) = preSolution
		HideSolutionNode = FALSE
	EndGlobalSection
	GlobalSection(ExtensibilityGlobals) = postSolution
		SolutionGuid = {D44C7A7C-0FCF-43FE-B707-7E222AFD17B7}
	EndGlobalSection
EndGlobal
